
Microsoft Visual Studio Solution File, Format Version 12.00
# Visual Studio Version 17
VisualStudioVersion = 17.9.34902.65
MinimumVisualStudioVersion = 10.0.40219.1
Project("{9A19103F-16F7-4668-BE54-9A1E7A4F7556}") = "KnightPath", "Knight-Path\KnightPath.csproj", "{EC6A4542-9075-482A-92C7-FCCDB944CD29}"
EndProject
Project("{FAE04EC0-301F-11D3-BF4B-00C04F79EFBC}") = "KnightPath.Tests", "KnightPath.Tests\KnightPath.Tests.csproj", "{B3E72129-6A1A-4903-ACD3-784765484B90}"
EndProject
Global
	GlobalSection(SolutionConfigurationPlatforms) = preSolution
		Debug|Any CPU = Debug|Any CPU
		Release|Any CPU = Release|Any CPU
	EndGlobalSection
	GlobalSection(ProjectConfigurationPlatforms) = postSolution
		{EC6A4542-9075-482A-92C7-FCCDB944CD29}.Debug|Any CPU.ActiveCfg = Debug|Any CPU
		{EC6A4542-9075-482A-92C7-FCCDB944CD29}.Debug|Any CPU.Build.0 = Debug|Any CPU
		{EC6A4542-9075-482A-92C7-FCCDB944CD29}.Release|Any CPU.ActiveCfg = Release|Any CPU
		{EC6A4542-9075-482A-92C7-FCCDB944CD29}.Release|Any CPU.Build.0 = Release|Any CPU
		{B3E72129-6A1A-4903-ACD3-784765484B90}.Debug|Any CPU.ActiveCfg = Debug|Any CPU
		{B3E72129-6A1A-4903-ACD3-784765484B90}.Debug|Any CPU.Build.0 = Debug|Any CPU
		{B3E72129-6A1A-4903-ACD3-784765484B90}.Release|Any CPU.ActiveCfg = Release|Any CPU
		{B3E72129-6A1A-4903-ACD3-784765484B90}.Release|Any CPU.Build.0 = Release|Any CPU
	EndGlobalSection
	GlobalSection(SolutionProperties) = preSolution
		HideSolutionNode = FALSE
	EndGlobalSection
	GlobalSection(ExtensibilityGlobals) = postSolution
		SolutionGuid = {C7A98B91-9217-4D7D-9C08-F2176998AE7E}
	EndGlobalSection
EndGlobal
